
Microsoft Visual Studio Solution File, Format Version 12.00
# Visual Studio Version 17
VisualStudioVersion = 17.6.33801.468
MinimumVisualStudioVersion = 10.0.40219.1
Project("{FAE04EC0-301F-11D3-BF4B-00C04F79EFBC}") = "SubeApi", "SubeApi\SubeApi.csproj", "{05352CBD-4E60-47E9-BACA-B89ADE415163}"
EndProject
Global
	GlobalSection(SolutionConfigurationPlatforms) = preSolution
		Debug|Any CPU = Debug|Any CPU
		Release|Any CPU = Release|Any CPU
	EndGlobalSection
	GlobalSection(ProjectConfigurationPlatforms) = postSolution
		{05352CBD-4E60-47E9-BACA-B89ADE415163}.Debug|Any CPU.ActiveCfg = Debug|Any CPU
		{05352CBD-4E60-47E9-BACA-B89ADE415163}.Debug|Any CPU.Build.0 = Debug|Any CPU
		{05352CBD-4E60-47E9-BACA-B89ADE415163}.Release|Any CPU.ActiveCfg = Release|Any CPU
		{05352CBD-4E60-47E9-BACA-B89ADE415163}.Release|Any CPU.Build.0 = Release|Any CPU
	EndGlobalSection
	GlobalSection(SolutionProperties) = preSolution
		HideSolutionNode = FALSE
	EndGlobalSection
	GlobalSection(ExtensibilityGlobals) = postSolution
		SolutionGuid = {8AF96803-32B7-4336-9EF7-CAC5D81AEAD1}
	EndGlobalSection
EndGlobal
